PODS:
  - TTAImagePickerController (0.1.0)

DEPENDENCIES:
  - TTAImagePickerController (from `../`)

EXTERNAL SOURCES:
  TTAImagePickerController:
    :path: "../"

SPEC CHECKSUMS:
  TTAImagePickerController: 4f8072b97485918ad5aeaa07fdc32b7f0de251c7

PODFILE CHECKSUM: 4826815e9b1134dbb4427912a3b6c90151104bac

COCOAPODS: 1.2.1
