PODS:
  - TTAImagePickerController (0.1.1)

DEPENDENCIES:
  - TTAImagePickerController (from `../`)

EXTERNAL SOURCES:
  TTAImagePickerController:
    :path: "../"

SPEC CHECKSUMS:
  TTAImagePickerController: ce4c5e3c603d10aa86e1f438d3726d3a8ec76dc4

PODFILE CHECKSUM: 4826815e9b1134dbb4427912a3b6c90151104bac

COCOAPODS: 1.2.1
