PODS:
  - TTAImagePickerController (0.1.0)

DEPENDENCIES:
  - TTAImagePickerController (from `../`)

EXTERNAL SOURCES:
  TTAImagePickerController:
    :path: "../"

SPEC CHECKSUMS:
  TTAImagePickerController: 1bab44959915ef540876b97d50d49aa68e368cd1

PODFILE CHECKSUM: 4826815e9b1134dbb4427912a3b6c90151104bac

COCOAPODS: 1.2.1
